
Microsoft Visual Studio Solution File, Format Version 12.00
# Visual Studio 2012
Project("{FAE04EC0-301F-11D3-BF4B-00C04F79EFBC}") = "Mesmer", "Mesmer\Mesmer.csproj", "{A1F136BD-2E14-4FA3-8040-9291177DEFB1}"
EndProject
Project("{FAE04EC0-301F-11D3-BF4B-00C04F79EFBC}") = "Mesmer.Tests", "Mesmer.Tests\Mesmer.Tests.csproj", "{03685988-6EE2-46C0-B2E4-E447E647AE9D}"
EndProject
Global
	GlobalSection(SolutionConfigurationPlatforms) = preSolution
		Debug|Any CPU = Debug|Any CPU
		Release|Any CPU = Release|Any CPU
	EndGlobalSection
	GlobalSection(ProjectConfigurationPlatforms) = postSolution
		{A1F136BD-2E14-4FA3-8040-9291177DEFB1}.Debug|Any CPU.ActiveCfg = Debug|Any CPU
		{A1F136BD-2E14-4FA3-8040-9291177DEFB1}.Debug|Any CPU.Build.0 = Debug|Any CPU
		{A1F136BD-2E14-4FA3-8040-9291177DEFB1}.Release|Any CPU.ActiveCfg = Release|Any CPU
		{A1F136BD-2E14-4FA3-8040-9291177DEFB1}.Release|Any CPU.Build.0 = Release|Any CPU
		{03685988-6EE2-46C0-B2E4-E447E647AE9D}.Debug|Any CPU.ActiveCfg = Debug|Any CPU
		{03685988-6EE2-46C0-B2E4-E447E647AE9D}.Debug|Any CPU.Build.0 = Debug|Any CPU
		{03685988-6EE2-46C0-B2E4-E447E647AE9D}.Release|Any CPU.ActiveCfg = Release|Any CPU
		{03685988-6EE2-46C0-B2E4-E447E647AE9D}.Release|Any CPU.Build.0 = Release|Any CPU
	EndGlobalSection
	GlobalSection(SolutionProperties) = preSolution
		HideSolutionNode = FALSE
	EndGlobalSection
	GlobalSection(MonoDevelopProperties) = preSolution
		StartupItem = Mesmer\Mesmer.csproj
	EndGlobalSection
EndGlobal
