
Microsoft Visual Studio Solution File, Format Version 11.00
# Visual Studio 2010
Project("{FAE04EC0-301F-11D3-BF4B-00C04F79EFBC}") = "Mesmer", "Mesmer\Mesmer.csproj", "{A1F136BD-2E14-4FA3-8040-9291177DEFB1}"
EndProject
Global
	GlobalSection(SolutionConfigurationPlatforms) = preSolution
		Debug|Any CPU = Debug|Any CPU
		Release|Any CPU = Release|Any CPU
	EndGlobalSection
	GlobalSection(ProjectConfigurationPlatforms) = postSolution
		{A1F136BD-2E14-4FA3-8040-9291177DEFB1}.Debug|Any CPU.ActiveCfg = Debug|Any CPU
		{A1F136BD-2E14-4FA3-8040-9291177DEFB1}.Debug|Any CPU.Build.0 = Debug|Any CPU
		{A1F136BD-2E14-4FA3-8040-9291177DEFB1}.Release|Any CPU.ActiveCfg = Release|Any CPU
		{A1F136BD-2E14-4FA3-8040-9291177DEFB1}.Release|Any CPU.Build.0 = Release|Any CPU
	EndGlobalSection
	GlobalSection(MonoDevelopProperties) = preSolution
		StartupItem = Mesmer\Mesmer.csproj
	EndGlobalSection
EndGlobal
